
Microsoft Visual Studio Solution File, Format Version 12.00
# Visual Studio Version 16
VisualStudioVersion = 16.0.30621.155
MinimumVisualStudioVersion = 10.0.40219.1
Project("{FAE04EC0-301F-11D3-BF4B-00C04F79EFBC}") = "SamsungBot", "SamsungBot\SamsungBot.csproj", "{3E162FBD-8C17-4029-9A7D-3A5A0464148B}"
EndProject
Project("{FAE04EC0-301F-11D3-BF4B-00C04F79EFBC}") = "Test", "UnitTestProject1\Test.csproj", "{6A074965-514B-47A1-8825-180DDC45F821}"
EndProject
Global
	GlobalSection(SolutionConfigurationPlatforms) = preSolution
		Debug|Any CPU = Debug|Any CPU
		Release|Any CPU = Release|Any CPU
	EndGlobalSection
	GlobalSection(ProjectConfigurationPlatforms) = postSolution
		{3E162FBD-8C17-4029-9A7D-3A5A0464148B}.Debug|Any CPU.ActiveCfg = Debug|Any CPU
		{3E162FBD-8C17-4029-9A7D-3A5A0464148B}.Debug|Any CPU.Build.0 = Debug|Any CPU
		{3E162FBD-8C17-4029-9A7D-3A5A0464148B}.Release|Any CPU.ActiveCfg = Release|Any CPU
		{3E162FBD-8C17-4029-9A7D-3A5A0464148B}.Release|Any CPU.Build.0 = Release|Any CPU
		{6A074965-514B-47A1-8825-180DDC45F821}.Debug|Any CPU.ActiveCfg = Debug|Any CPU
		{6A074965-514B-47A1-8825-180DDC45F821}.Debug|Any CPU.Build.0 = Debug|Any CPU
		{6A074965-514B-47A1-8825-180DDC45F821}.Release|Any CPU.ActiveCfg = Release|Any CPU
		{6A074965-514B-47A1-8825-180DDC45F821}.Release|Any CPU.Build.0 = Release|Any CPU
	EndGlobalSection
	GlobalSection(SolutionProperties) = preSolution
		HideSolutionNode = FALSE
	EndGlobalSection
	GlobalSection(ExtensibilityGlobals) = postSolution
		SolutionGuid = {1D8DFBEC-6C85-4266-9971-3178242AEE22}
	EndGlobalSection
EndGlobal
